// !$*UTF8*$!
{
	archiveVersion = 1;
	classes = {
	};
	objectVersion = 48;
	objects = {

/* Begin PBXBuildFile section */
		854DE6EC2067101700B0750F /* AppDelegate.swift in Sources */ = {isa = PBXBuildFile; fileRef = 854DE6EB2067101700B0750F /* AppDelegate.swift */; };
		854DE6F12067101700B0750F /* Main.storyboard in Resources */ = {isa = PBXBuildFile; fileRef = 854DE6EF2067101700B0750F /* Main.storyboard */; };
		854DE6F32067101700B0750F /* Assets.xcassets in Resources */ = {isa = PBXBuildFile; fileRef = 854DE6F22067101700B0750F /* Assets.xcassets */; };
		854DE6F62067101700B0750F /* LaunchScreen.storyboard in Resources */ = {isa = PBXBuildFile; fileRef = 854DE6F42067101700B0750F /* LaunchScreen.storyboard */; };
		854DE70C2067101700B0750F /* ToDoUITests.swift in Sources */ = {isa = PBXBuildFile; fileRef = 854DE70B2067101700B0750F /* ToDoUITests.swift */; };
		854DE71B2067109700B0750F /* ToDoItemTests.swift in Sources */ = {isa = PBXBuildFile; fileRef = 854DE71A2067109700B0750F /* ToDoItemTests.swift */; };
		854DE71E2067110B00B0750F /* ToDoItem.swift in Sources */ = {isa = PBXBuildFile; fileRef = 854DE71D2067110B00B0750F /* ToDoItem.swift */; };
		854DE7202067179A00B0750F /* Location.swift in Sources */ = {isa = PBXBuildFile; fileRef = 854DE71F2067179A00B0750F /* Location.swift */; };
		854DE7222067180400B0750F /* LocationTests.swift in Sources */ = {isa = PBXBuildFile; fileRef = 854DE7212067180400B0750F /* LocationTests.swift */; };
		854DE72420672F3100B0750F /* ItemManagerTests.swift in Sources */ = {isa = PBXBuildFile; fileRef = 854DE72320672F3100B0750F /* ItemManagerTests.swift */; };
		854DE72620672FA100B0750F /* ItemManager.swift in Sources */ = {isa = PBXBuildFile; fileRef = 854DE72520672FA100B0750F /* ItemManager.swift */; };
		8571218E2068692800265CB7 /* ItemListViewControllerTest.swift in Sources */ = {isa = PBXBuildFile; fileRef = 8571218D2068692800265CB7 /* ItemListViewControllerTest.swift */; };
		857121912068699900265CB7 /* ItemListViewController.swift in Sources */ = {isa = PBXBuildFile; fileRef = 857121902068699900265CB7 /* ItemListViewController.swift */; };
		DA1C8299206888A700D10A28 /* ItemListDataProvider.swift in Sources */ = {isa = PBXBuildFile; fileRef = DA1C8298206888A700D10A28 /* ItemListDataProvider.swift */; };
/* End PBXBuildFile section */

/* Begin PBXContainerItemProxy section */
		854DE6FD2067101700B0750F /* PBXContainerItemProxy */ = {
			isa = PBXContainerItemProxy;
			containerPortal = 854DE6E02067101600B0750F /* Project object */;
			proxyType = 1;
			remoteGlobalIDString = 854DE6E72067101700B0750F;
			remoteInfo = ToDo;
		};
		854DE7082067101700B0750F /* PBXContainerItemProxy */ = {
			isa = PBXContainerItemProxy;
			containerPortal = 854DE6E02067101600B0750F /* Project object */;
			proxyType = 1;
			remoteGlobalIDString = 854DE6E72067101700B0750F;
			remoteInfo = ToDo;
		};
/* End PBXContainerItemProxy section */

/* Begin PBXFileReference section */
		854DE6E82067101700B0750F /* ToDo.app */ = {isa = PBXFileReference; explicitFileType = wrapper.application; includeInIndex = 0; path = ToDo.app; sourceTree = BUILT_PRODUCTS_DIR; };
		854DE6EB2067101700B0750F /* AppDelegate.swift */ = {isa = PBXFileReference; lastKnownFileType = sourcecode.swift; path = AppDelegate.swift; sourceTree = "<group>"; };
		854DE6F02067101700B0750F /* Base */ = {isa = PBXFileReference; lastKnownFileType = file.storyboard; name = Base; path = Base.lproj/Main.storyboard; sourceTree = "<group>"; };
		854DE6F22067101700B0750F /* Assets.xcassets */ = {isa = PBXFileReference; lastKnownFileType = folder.assetcatalog; path = Assets.xcassets; sourceTree = "<group>"; };
		854DE6F52067101700B0750F /* Base */ = {isa = PBXFileReference; lastKnownFileType = file.storyboard; name = Base; path = Base.lproj/LaunchScreen.storyboard; sourceTree = "<group>"; };
		854DE6F72067101700B0750F /* Info.plist */ = {isa = PBXFileReference; lastKnownFileType = text.plist.xml; path = Info.plist; sourceTree = "<group>"; };
		854DE6FC2067101700B0750F /* ToDoTests.xctest */ = {isa = PBXFileReference; explicitFileType = wrapper.cfbundle; includeInIndex = 0; path = ToDoTests.xctest; sourceTree = BUILT_PRODUCTS_DIR; };
		854DE7022067101700B0750F /* Info.plist */ = {isa = PBXFileReference; lastKnownFileType = text.plist.xml; path = Info.plist; sourceTree = "<group>"; };
		854DE7072067101700B0750F /* ToDoUITests.xctest */ = {isa = PBXFileReference; explicitFileType = wrapper.cfbundle; includeInIndex = 0; path = ToDoUITests.xctest; sourceTree = BUILT_PRODUCTS_DIR; };
		854DE70B2067101700B0750F /* ToDoUITests.swift */ = {isa = PBXFileReference; lastKnownFileType = sourcecode.swift; path = ToDoUITests.swift; sourceTree = "<group>"; };
		854DE70D2067101700B0750F /* Info.plist */ = {isa = PBXFileReference; lastKnownFileType = text.plist.xml; path = Info.plist; sourceTree = "<group>"; };
		854DE71A2067109700B0750F /* ToDoItemTests.swift */ = {isa = PBXFileReference; lastKnownFileType = sourcecode.swift; path = ToDoItemTests.swift; sourceTree = "<group>"; };
		854DE71D2067110B00B0750F /* ToDoItem.swift */ = {isa = PBXFileReference; lastKnownFileType = sourcecode.swift; path = ToDoItem.swift; sourceTree = "<group>"; };
		854DE71F2067179A00B0750F /* Location.swift */ = {isa = PBXFileReference; lastKnownFileType = sourcecode.swift; path = Location.swift; sourceTree = "<group>"; };
		854DE7212067180400B0750F /* LocationTests.swift */ = {isa = PBXFileReference; lastKnownFileType = sourcecode.swift; path = LocationTests.swift; sourceTree = "<group>"; };
		854DE72320672F3100B0750F /* ItemManagerTests.swift */ = {isa = PBXFileReference; lastKnownFileType = sourcecode.swift; path = ItemManagerTests.swift; sourceTree = "<group>"; };
		854DE72520672FA100B0750F /* ItemManager.swift */ = {isa = PBXFileReference; lastKnownFileType = sourcecode.swift; path = ItemManager.swift; sourceTree = "<group>"; };
		8571218D2068692800265CB7 /* ItemListViewControllerTest.swift */ = {isa = PBXFileReference; lastKnownFileType = sourcecode.swift; path = ItemListViewControllerTest.swift; sourceTree = "<group>"; };
		857121902068699900265CB7 /* ItemListViewController.swift */ = {isa = PBXFileReference; lastKnownFileType = sourcecode.swift; path = ItemListViewController.swift; sourceTree = "<group>"; };
		DA1C8298206888A700D10A28 /* ItemListDataProvider.swift */ = {isa = PBXFileReference; lastKnownFileType = sourcecode.swift; path = ItemListDataProvider.swift; sourceTree = "<group>"; };
/* End PBXFileReference section */

/* Begin PBXFrameworksBuildPhase section */
		854DE6E52067101700B0750F /* Frameworks */ = {
			isa = PBXFrameworksBuildPhase;
			buildActionMask = 2147483647;
			files = (
			);
			runOnlyForDeploymentPostprocessing = 0;
		};
		854DE6F92067101700B0750F /* Frameworks */ = {
			isa = PBXFrameworksBuildPhase;
			buildActionMask = 2147483647;
			files = (
			);
			runOnlyForDeploymentPostprocessing = 0;
		};
		854DE7042067101700B0750F /* Frameworks */ = {
			isa = PBXFrameworksBuildPhase;
			buildActionMask = 2147483647;
			files = (
			);
			runOnlyForDeploymentPostprocessing = 0;
		};
/* End PBXFrameworksBuildPhase section */

/* Begin PBXGroup section */
		854DE6DF2067101600B0750F = {
			isa = PBXGroup;
			children = (
				854DE6EA2067101700B0750F /* ToDo */,
				854DE6FF2067101700B0750F /* ToDoTests */,
				854DE70A2067101700B0750F /* ToDoUITests */,
				854DE6E92067101700B0750F /* Products */,
			);
			sourceTree = "<group>";
		};
		854DE6E92067101700B0750F /* Products */ = {
			isa = PBXGroup;
			children = (
				854DE6E82067101700B0750F /* ToDo.app */,
				854DE6FC2067101700B0750F /* ToDoTests.xctest */,
				854DE7072067101700B0750F /* ToDoUITests.xctest */,
			);
			name = Products;
			sourceTree = "<group>";
		};
		854DE6EA2067101700B0750F /* ToDo */ = {
			isa = PBXGroup;
			children = (
				8571218F2068698000265CB7 /* Controller */,
				854DE71C206710FE00B0750F /* Model */,
				854DE6EB2067101700B0750F /* AppDelegate.swift */,
				854DE6EF2067101700B0750F /* Main.storyboard */,
				854DE6F22067101700B0750F /* Assets.xcassets */,
				854DE6F42067101700B0750F /* LaunchScreen.storyboard */,
				854DE6F72067101700B0750F /* Info.plist */,
			);
			path = ToDo;
			sourceTree = "<group>";
		};
		854DE6FF2067101700B0750F /* ToDoTests */ = {
			isa = PBXGroup;
			children = (
				8571218C206868FA00265CB7 /* Controller */,
				854DE7192067108800B0750F /* Model */,
				854DE7022067101700B0750F /* Info.plist */,
			);
			path = ToDoTests;
			sourceTree = "<group>";
		};
		854DE70A2067101700B0750F /* ToDoUITests */ = {
			isa = PBXGroup;
			children = (
				854DE70B2067101700B0750F /* ToDoUITests.swift */,
				854DE70D2067101700B0750F /* Info.plist */,
			);
			path = ToDoUITests;
			sourceTree = "<group>";
		};
		854DE7192067108800B0750F /* Model */ = {
			isa = PBXGroup;
			children = (
				854DE71A2067109700B0750F /* ToDoItemTests.swift */,
				854DE7212067180400B0750F /* LocationTests.swift */,
				854DE72320672F3100B0750F /* ItemManagerTests.swift */,
			);
			path = Model;
			sourceTree = "<group>";
		};
		854DE71C206710FE00B0750F /* Model */ = {
			isa = PBXGroup;
			children = (
				854DE71D2067110B00B0750F /* ToDoItem.swift */,
				854DE71F2067179A00B0750F /* Location.swift */,
				854DE72520672FA100B0750F /* ItemManager.swift */,
			);
			path = Model;
			sourceTree = "<group>";
		};
		8571218C206868FA00265CB7 /* Controller */ = {
			isa = PBXGroup;
			children = (
				8571218D2068692800265CB7 /* ItemListViewControllerTest.swift */,
			);
			path = Controller;
			sourceTree = "<group>";
		};
		8571218F2068698000265CB7 /* Controller */ = {
			isa = PBXGroup;
			children = (
				857121902068699900265CB7 /* ItemListViewController.swift */,
				DA1C8298206888A700D10A28 /* ItemListDataProvider.swift */,
			);
			path = Controller;
			sourceTree = "<group>";
		};
/* End PBXGroup section */

/* Begin PBXNativeTarget section */
		854DE6E72067101700B0750F /* ToDo */ = {
			isa = PBXNativeTarget;
			buildConfigurationList = 854DE7102067101700B0750F /* Build configuration list for PBXNativeTarget "ToDo" */;
			buildPhases = (
				854DE6E42067101700B0750F /* Sources */,
				854DE6E52067101700B0750F /* Frameworks */,
				854DE6E62067101700B0750F /* Resources */,
			);
			buildRules = (
			);
			dependencies = (
			);
			name = ToDo;
			productName = ToDo;
			productReference = 854DE6E82067101700B0750F /* ToDo.app */;
			productType = "com.apple.product-type.application";
		};
		854DE6FB2067101700B0750F /* ToDoTests */ = {
			isa = PBXNativeTarget;
			buildConfigurationList = 854DE7132067101700B0750F /* Build configuration list for PBXNativeTarget "ToDoTests" */;
			buildPhases = (
				854DE6F82067101700B0750F /* Sources */,
				854DE6F92067101700B0750F /* Frameworks */,
				854DE6FA2067101700B0750F /* Resources */,
			);
			buildRules = (
			);
			dependencies = (
				854DE6FE2067101700B0750F /* PBXTargetDependency */,
			);
			name = ToDoTests;
			productName = ToDoTests;
			productReference = 854DE6FC2067101700B0750F /* ToDoTests.xctest */;
			productType = "com.apple.product-type.bundle.unit-test";
		};
		854DE7062067101700B0750F /* ToDoUITests */ = {
			isa = PBXNativeTarget;
			buildConfigurationList = 854DE7162067101700B0750F /* Build configuration list for PBXNativeTarget "ToDoUITests" */;
			buildPhases = (
				854DE7032067101700B0750F /* Sources */,
				854DE7042067101700B0750F /* Frameworks */,
				854DE7052067101700B0750F /* Resources */,
			);
			buildRules = (
			);
			dependencies = (
				854DE7092067101700B0750F /* PBXTargetDependency */,
			);
			name = ToDoUITests;
			productName = ToDoUITests;
			productReference = 854DE7072067101700B0750F /* ToDoUITests.xctest */;
			productType = "com.apple.product-type.bundle.ui-testing";
		};
/* End PBXNativeTarget section */

/* Begin PBXProject section */
		854DE6E02067101600B0750F /* Project object */ = {
			isa = PBXProject;
			attributes = {
				LastSwiftUpdateCheck = 0920;
				LastUpgradeCheck = 0920;
				ORGANIZATIONNAME = marcow;
				TargetAttributes = {
					854DE6E72067101700B0750F = {
						CreatedOnToolsVersion = 9.2;
						ProvisioningStyle = Automatic;
					};
					854DE6FB2067101700B0750F = {
						CreatedOnToolsVersion = 9.2;
						ProvisioningStyle = Automatic;
						TestTargetID = 854DE6E72067101700B0750F;
					};
					854DE7062067101700B0750F = {
						CreatedOnToolsVersion = 9.2;
						ProvisioningStyle = Automatic;
						TestTargetID = 854DE6E72067101700B0750F;
					};
				};
			};
			buildConfigurationList = 854DE6E32067101600B0750F /* Build configuration list for PBXProject "ToDo" */;
			compatibilityVersion = "Xcode 8.0";
			developmentRegion = en;
			hasScannedForEncodings = 0;
			knownRegions = (
				en,
				Base,
			);
			mainGroup = 854DE6DF2067101600B0750F;
			productRefGroup = 854DE6E92067101700B0750F /* Products */;
			projectDirPath = "";
			projectRoot = "";
			targets = (
				854DE6E72067101700B0750F /* ToDo */,
				854DE6FB2067101700B0750F /* ToDoTests */,
				854DE7062067101700B0750F /* ToDoUITests */,
			);
		};
/* End PBXProject section */

/* Begin PBXResourcesBuildPhase section */
		854DE6E62067101700B0750F /* Resources */ = {
			isa = PBXResourcesBuildPhase;
			buildActionMask = 2147483647;
			files = (
				854DE6F62067101700B0750F /* LaunchScreen.storyboard in Resources */,
				854DE6F32067101700B0750F /* Assets.xcassets in Resources */,
				854DE6F12067101700B0750F /* Main.storyboard in Resources */,
			);
			runOnlyForDeploymentPostprocessing = 0;
		};
		854DE6FA2067101700B0750F /* Resources */ = {
			isa = PBXResourcesBuildPhase;
			buildActionMask = 2147483647;
			files = (
			);
			runOnlyForDeploymentPostprocessing = 0;
		};
		854DE7052067101700B0750F /* Resources */ = {
			isa = PBXResourcesBuildPhase;
			buildActionMask = 2147483647;
			files = (
			);
			runOnlyForDeploymentPostprocessing = 0;
		};
/* End PBXResourcesBuildPhase section */

/* Begin PBXSourcesBuildPhase section */
		854DE6E42067101700B0750F /* Sources */ = {
			isa = PBXSourcesBuildPhase;
			buildActionMask = 2147483647;
			files = (
				DA1C8299206888A700D10A28 /* ItemListDataProvider.swift in Sources */,
				854DE72620672FA100B0750F /* ItemManager.swift in Sources */,
				854DE6EC2067101700B0750F /* AppDelegate.swift in Sources */,
				854DE7202067179A00B0750F /* Location.swift in Sources */,
				854DE71E2067110B00B0750F /* ToDoItem.swift in Sources */,
				857121912068699900265CB7 /* ItemListViewController.swift in Sources */,
			);
			runOnlyForDeploymentPostprocessing = 0;
		};
		854DE6F82067101700B0750F /* Sources */ = {
			isa = PBXSourcesBuildPhase;
			buildActionMask = 2147483647;
			files = (
				854DE72420672F3100B0750F /* ItemManagerTests.swift in Sources */,
				854DE7222067180400B0750F /* LocationTests.swift in Sources */,
				8571218E2068692800265CB7 /* ItemListViewControllerTest.swift in Sources */,
				854DE71B2067109700B0750F /* ToDoItemTests.swift in Sources */,
			);
			runOnlyForDeploymentPostprocessing = 0;
		};
		854DE7032067101700B0750F /* Sources */ = {
			isa = PBXSourcesBuildPhase;
			buildActionMask = 2147483647;
			files = (
				854DE70C2067101700B0750F /* ToDoUITests.swift in Sources */,
			);
			runOnlyForDeploymentPostprocessing = 0;
		};
/* End PBXSourcesBuildPhase section */

/* Begin PBXTargetDependency section */
		854DE6FE2067101700B0750F /* PBXTargetDependency */ = {
			isa = PBXTargetDependency;
			target = 854DE6E72067101700B0750F /* ToDo */;
			targetProxy = 854DE6FD2067101700B0750F /* PBXContainerItemProxy */;
		};
		854DE7092067101700B0750F /* PBXTargetDependency */ = {
			isa = PBXTargetDependency;
			target = 854DE6E72067101700B0750F /* ToDo */;
			targetProxy = 854DE7082067101700B0750F /* PBXContainerItemProxy */;
		};
/* End PBXTargetDependency section */

/* Begin PBXVariantGroup section */
		854DE6EF2067101700B0750F /* Main.storyboard */ = {
			isa = PBXVariantGroup;
			children = (
				854DE6F02067101700B0750F /* Base */,
			);
			name = Main.storyboard;
			sourceTree = "<group>";
		};
		854DE6F42067101700B0750F /* LaunchScreen.storyboard */ = {
			isa = PBXVariantGroup;
			children = (
				854DE6F52067101700B0750F /* Base */,
			);
			name = LaunchScreen.storyboard;
			sourceTree = "<group>";
		};
/* End PBXVariantGroup section */

/* Begin XCBuildConfiguration section */
		854DE70E2067101700B0750F /* Debug */ = {
			isa = XCBuildConfiguration;
			buildSettings = {
				ALWAYS_SEARCH_USER_PATHS = NO;
				CLANG_ANALYZER_NONNULL = YES;
				CLANG_ANALYZER_NUMBER_OBJECT_CONVERSION = YES_AGGRESSIVE;
				CLANG_CXX_LANGUAGE_STANDARD = "gnu++14";
				CLANG_CXX_LIBRARY = "libc++";
				CLANG_ENABLE_MODULES = YES;
				CLANG_ENABLE_OBJC_ARC = YES;
				CLANG_WARN_BLOCK_CAPTURE_AUTORELEASING = YES;
				CLANG_WARN_BOOL_CONVERSION = YES;
				CLANG_WARN_COMMA = YES;
				CLANG_WARN_CONSTANT_CONVERSION = YES;
				CLANG_WARN_DIRECT_OBJC_ISA_USAGE = YES_ERROR;
				CLANG_WARN_DOCUMENTATION_COMMENTS = YES;
				CLANG_WARN_EMPTY_BODY = YES;
				CLANG_WARN_ENUM_CONVERSION = YES;
				CLANG_WARN_INFINITE_RECURSION = YES;
				CLANG_WARN_INT_CONVERSION = YES;
				CLANG_WARN_NON_LITERAL_NULL_CONVERSION = YES;
				CLANG_WARN_OBJC_LITERAL_CONVERSION = YES;
				CLANG_WARN_OBJC_ROOT_CLASS = YES_ERROR;
				CLANG_WARN_RANGE_LOOP_ANALYSIS = YES;
				CLANG_WARN_STRICT_PROTOTYPES = YES;
				CLANG_WARN_SUSPICIOUS_MOVE = YES;
				CLANG_WARN_UNGUARDED_AVAILABILITY = YES_AGGRESSIVE;
				CLANG_WARN_UNREACHABLE_CODE = YES;
				CLANG_WARN__DUPLICATE_METHOD_MATCH = YES;
				CODE_SIGN_IDENTITY = "iPhone Developer";
				COPY_PHASE_STRIP = NO;
				DEBUG_INFORMATION_FORMAT = dwarf;
				ENABLE_STRICT_OBJC_MSGSEND = YES;
				ENABLE_TESTABILITY = YES;
				GCC_C_LANGUAGE_STANDARD = gnu11;
				GCC_DYNAMIC_NO_PIC = NO;
				GCC_NO_COMMON_BLOCKS = YES;
				GCC_OPTIMIZATION_LEVEL = 0;
				GCC_PREPROCESSOR_DEFINITIONS = (
					"DEBUG=1",
					"$(inherited)",
				);
				GCC_WARN_64_TO_32_BIT_CONVERSION = YES;
				GCC_WARN_ABOUT_RETURN_TYPE = YES_ERROR;
				GCC_WARN_UNDECLARED_SELECTOR = YES;
				GCC_WARN_UNINITIALIZED_AUTOS = YES_AGGRESSIVE;
				GCC_WARN_UNUSED_FUNCTION = YES;
				GCC_WARN_UNUSED_VARIABLE = YES;
				IPHONEOS_DEPLOYMENT_TARGET = 11.2;
				MTL_ENABLE_DEBUG_INFO = YES;
				ONLY_ACTIVE_ARCH = YES;
				SDKROOT = iphoneos;
				SWIFT_ACTIVE_COMPILATION_CONDITIONS = DEBUG;
				SWIFT_OPTIMIZATION_LEVEL = "-Onone";
			};
			name = Debug;
		};
		854DE70F2067101700B0750F /* Release */ = {
			isa = XCBuildConfiguration;
			buildSettings = {
				ALWAYS_SEARCH_USER_PATHS = NO;
				CLANG_ANALYZER_NONNULL = YES;
				CLANG_ANALYZER_NUMBER_OBJECT_CONVERSION = YES_AGGRESSIVE;
				CLANG_CXX_LANGUAGE_STANDARD = "gnu++14";
				CLANG_CXX_LIBRARY = "libc++";
				CLANG_ENABLE_MODULES = YES;
				CLANG_ENABLE_OBJC_ARC = YES;
				CLANG_WARN_BLOCK_CAPTURE_AUTORELEASING = YES;
				CLANG_WARN_BOOL_CONVERSION = YES;
				CLANG_WARN_COMMA = YES;
				CLANG_WARN_CONSTANT_CONVERSION = YES;
				CLANG_WARN_DIRECT_OBJC_ISA_USAGE = YES_ERROR;
				CLANG_WARN_DOCUMENTATION_COMMENTS = YES;
				CLANG_WARN_EMPTY_BODY = YES;
				CLANG_WARN_ENUM_CONVERSION = YES;
				CLANG_WARN_INFINITE_RECURSION = YES;
				CLANG_WARN_INT_CONVERSION = YES;
				CLANG_WARN_NON_LITERAL_NULL_CONVERSION = YES;
				CLANG_WARN_OBJC_LITERAL_CONVERSION = YES;
				CLANG_WARN_OBJC_ROOT_CLASS = YES_ERROR;
				CLANG_WARN_RANGE_LOOP_ANALYSIS = YES;
				CLANG_WARN_STRICT_PROTOTYPES = YES;
				CLANG_WARN_SUSPICIOUS_MOVE = YES;
				CLANG_WARN_UNGUARDED_AVAILABILITY = YES_AGGRESSIVE;
				CLANG_WARN_UNREACHABLE_CODE = YES;
				CLANG_WARN__DUPLICATE_METHOD_MATCH = YES;
				CODE_SIGN_IDENTITY = "iPhone Developer";
				COPY_PHASE_STRIP = NO;
				DEBUG_INFORMATION_FORMAT = "dwarf-with-dsym";
				ENABLE_NS_ASSERTIONS = NO;
				ENABLE_STRICT_OBJC_MSGSEND = YES;
				GCC_C_LANGUAGE_STANDARD = gnu11;
				GCC_NO_COMMON_BLOCKS = YES;
				GCC_WARN_64_TO_32_BIT_CONVERSION = YES;
				GCC_WARN_ABOUT_RETURN_TYPE = YES_ERROR;
				GCC_WARN_UNDECLARED_SELECTOR = YES;
				GCC_WARN_UNINITIALIZED_AUTOS = YES_AGGRESSIVE;
				GCC_WARN_UNUSED_FUNCTION = YES;
				GCC_WARN_UNUSED_VARIABLE = YES;
				IPHONEOS_DEPLOYMENT_TARGET = 11.2;
				MTL_ENABLE_DEBUG_INFO = NO;
				SDKROOT = iphoneos;
				SWIFT_OPTIMIZATION_LEVEL = "-Owholemodule";
				VALIDATE_PRODUCT = YES;
			};
			name = Release;
		};
		854DE7112067101700B0750F /* Debug */ = {
			isa = XCBuildConfiguration;
			buildSettings = {
				ASSETCATALOG_COMPILER_APPICON_NAME = AppIcon;
				CODE_SIGN_STYLE = Automatic;
				DEVELOPMENT_TEAM = KCFG2TH7LM;
				INFOPLIST_FILE = ToDo/Info.plist;
				LD_RUNPATH_SEARCH_PATHS = "$(inherited) @executable_path/Frameworks";
				PRODUCT_BUNDLE_IDENTIFIER = com.dhh.test.ToDo;
				PRODUCT_NAME = "$(TARGET_NAME)";
				SWIFT_VERSION = 4.0;
				TARGETED_DEVICE_FAMILY = "1,2";
			};
			name = Debug;
		};
		854DE7122067101700B0750F /* Release */ = {
			isa = XCBuildConfiguration;
			buildSettings = {
				ASSETCATALOG_COMPILER_APPICON_NAME = AppIcon;
				CODE_SIGN_STYLE = Automatic;
				DEVELOPMENT_TEAM = KCFG2TH7LM;
				INFOPLIST_FILE = ToDo/Info.plist;
				LD_RUNPATH_SEARCH_PATHS = "$(inherited) @executable_path/Frameworks";
				PRODUCT_BUNDLE_IDENTIFIER = com.dhh.test.ToDo;
				PRODUCT_NAME = "$(TARGET_NAME)";
				SWIFT_VERSION = 4.0;
				TARGETED_DEVICE_FAMILY = "1,2";
			};
			name = Release;
		};
		854DE7142067101700B0750F /* Debug */ = {
			isa = XCBuildConfiguration;
			buildSettings = {
				ALWAYS_EMBED_SWIFT_STANDARD_LIBRARIES = YES;
				BUNDLE_LOADER = "$(TEST_HOST)";
				CODE_SIGN_STYLE = Automatic;
				DEVELOPMENT_TEAM = KCFG2TH7LM;
				INFOPLIST_FILE = ToDoTests/Info.plist;
				LD_RUNPATH_SEARCH_PATHS = "$(inherited) @executable_path/Frameworks @loader_path/Frameworks";
				PRODUCT_BUNDLE_IDENTIFIER = com.dhh.test.ToDoTests;
				PRODUCT_NAME = "$(TARGET_NAME)";
				SWIFT_VERSION = 4.0;
				TARGETED_DEVICE_FAMILY = "1,2";
				TEST_HOST = "$(BUILT_PRODUCTS_DIR)/ToDo.app/ToDo";
			};
			name = Debug;
		};
		854DE7152067101700B0750F /* Release */ = {
			isa = XCBuildConfiguration;
			buildSettings = {
				ALWAYS_EMBED_SWIFT_STANDARD_LIBRARIES = YES;
				BUNDLE_LOADER = "$(TEST_HOST)";
				CODE_SIGN_STYLE = Automatic;
				DEVELOPMENT_TEAM = KCFG2TH7LM;
				INFOPLIST_FILE = ToDoTests/Info.plist;
				LD_RUNPATH_SEARCH_PATHS = "$(inherited) @executable_path/Frameworks @loader_path/Frameworks";
				PRODUCT_BUNDLE_IDENTIFIER = com.dhh.test.ToDoTests;
				PRODUCT_NAME = "$(TARGET_NAME)";
				SWIFT_VERSION = 4.0;
				TARGETED_DEVICE_FAMILY = "1,2";
				TEST_HOST = "$(BUILT_PRODUCTS_DIR)/ToDo.app/ToDo";
			};
			name = Release;
		};
		854DE7172067101700B0750F /* Debug */ = {
			isa = XCBuildConfiguration;
			buildSettings = {
				ALWAYS_EMBED_SWIFT_STANDARD_LIBRARIES = YES;
				CODE_SIGN_STYLE = Automatic;
				DEVELOPMENT_TEAM = KCFG2TH7LM;
				INFOPLIST_FILE = ToDoUITests/Info.plist;
				LD_RUNPATH_SEARCH_PATHS = "$(inherited) @executable_path/Frameworks @loader_path/Frameworks";
				PRODUCT_BUNDLE_IDENTIFIER = com.dhh.test.ToDoUITests;
				PRODUCT_NAME = "$(TARGET_NAME)";
				SWIFT_VERSION = 4.0;
				TARGETED_DEVICE_FAMILY = "1,2";
				TEST_TARGET_NAME = ToDo;
			};
			name = Debug;
		};
		854DE7182067101700B0750F /* Release */ = {
			isa = XCBuildConfiguration;
			buildSettings = {
				ALWAYS_EMBED_SWIFT_STANDARD_LIBRARIES = YES;
				CODE_SIGN_STYLE = Automatic;
				DEVELOPMENT_TEAM = KCFG2TH7LM;
				INFOPLIST_FILE = ToDoUITests/Info.plist;
				LD_RUNPATH_SEARCH_PATHS = "$(inherited) @executable_path/Frameworks @loader_path/Frameworks";
				PRODUCT_BUNDLE_IDENTIFIER = com.dhh.test.ToDoUITests;
				PRODUCT_NAME = "$(TARGET_NAME)";
				SWIFT_VERSION = 4.0;
				TARGETED_DEVICE_FAMILY = "1,2";
				TEST_TARGET_NAME = ToDo;
			};
			name = Release;
		};
/* End XCBuildConfiguration section */

/* Begin XCConfigurationList section */
		854DE6E32067101600B0750F /* Build configuration list for PBXProject "ToDo" */ = {
			isa = XCConfigurationList;
			buildConfigurations = (
				854DE70E2067101700B0750F /* Debug */,
				854DE70F2067101700B0750F /* Release */,
			);
			defaultConfigurationIsVisible = 0;
			defaultConfigurationName = Release;
		};
		854DE7102067101700B0750F /* Build configuration list for PBXNativeTarget "ToDo" */ = {
			isa = XCConfigurationList;
			buildConfigurations = (
				854DE7112067101700B0750F /* Debug */,
				854DE7122067101700B0750F /* Release */,
			);
			defaultConfigurationIsVisible = 0;
			defaultConfigurationName = Release;
		};
		854DE7132067101700B0750F /* Build configuration list for PBXNativeTarget "ToDoTests" */ = {
			isa = XCConfigurationList;
			buildConfigurations = (
				854DE7142067101700B0750F /* Debug */,
				854DE7152067101700B0750F /* Release */,
			);
			defaultConfigurationIsVisible = 0;
			defaultConfigurationName = Release;
		};
		854DE7162067101700B0750F /* Build configuration list for PBXNativeTarget "ToDoUITests" */ = {
			isa = XCConfigurationList;
			buildConfigurations = (
				854DE7172067101700B0750F /* Debug */,
				854DE7182067101700B0750F /* Release */,
			);
			defaultConfigurationIsVisible = 0;
			defaultConfigurationName = Release;
		};
/* End XCConfigurationList section */
	};
	rootObject = 854DE6E02067101600B0750F /* Project object */;
}
